
Microsoft Visual Studio Solution File, Format Version 12.00
# Visual Studio Version 17
VisualStudioVersion = 17.4.33103.184
MinimumVisualStudioVersion = 10.0.40219.1
Project("{FAE04EC0-301F-11D3-BF4B-00C04F79EFBC}") = "consumeAPI", "consumeAPI\consumeAPI.csproj", "{FD300713-F377-4B89-8BD3-63120EB79B11}"
EndProject
Global
	GlobalSection(SolutionConfigurationPlatforms) = preSolution
		Debug|Any CPU = Debug|Any CPU
		Release|Any CPU = Release|Any CPU
	EndGlobalSection
	GlobalSection(ProjectConfigurationPlatforms) = postSolution
		{FD300713-F377-4B89-8BD3-63120EB79B11}.Debug|Any CPU.ActiveCfg = Debug|Any CPU
		{FD300713-F377-4B89-8BD3-63120EB79B11}.Debug|Any CPU.Build.0 = Debug|Any CPU
		{FD300713-F377-4B89-8BD3-63120EB79B11}.Release|Any CPU.ActiveCfg = Release|Any CPU
		{FD300713-F377-4B89-8BD3-63120EB79B11}.Release|Any CPU.Build.0 = Release|Any CPU
	EndGlobalSection
	GlobalSection(SolutionProperties) = preSolution
		HideSolutionNode = FALSE
	EndGlobalSection
	GlobalSection(ExtensibilityGlobals) = postSolution
		SolutionGuid = {E574C1CD-1882-4F53-AF45-A64473358D42}
	EndGlobalSection
EndGlobal
